
Microsoft Visual Studio Solution File, Format Version 12.00
# Visual Studio Version 17
VisualStudioVersion = 17.4.33103.184
MinimumVisualStudioVersion = 10.0.40219.1
Project("{FAE04EC0-301F-11D3-BF4B-00C04F79EFBC}") = "Blog.web", "Blog.web\Blog.web.csproj", "{5F706894-2430-466A-87E7-85AF6027741F}"
EndProject
Project("{FAE04EC0-301F-11D3-BF4B-00C04F79EFBC}") = "Blog.Entity", "Blog.Entity\Blog.Entity.csproj", "{2D222D84-CB96-4998-9CCE-115FCA672F3C}"
EndProject
Project("{FAE04EC0-301F-11D3-BF4B-00C04F79EFBC}") = "Blog.Data", "Blog.Data\Blog.Data.csproj", "{BD917A33-8EED-4BD8-8653-831A9E2C56C6}"
EndProject
Project("{FAE04EC0-301F-11D3-BF4B-00C04F79EFBC}") = "Blog.Service", "Blog.Service\Blog.Service.csproj", "{AF6BDF55-3E26-4198-8195-F103B3A72EA3}"
EndProject
Project("{FAE04EC0-301F-11D3-BF4B-00C04F79EFBC}") = "Blog.Core", "Blog.Core\Blog.Core.csproj", "{8AE6431E-A938-4991-AFFF-AC3359E73855}"
EndProject
Global
	GlobalSection(SolutionConfigurationPlatforms) = preSolution
		Debug|Any CPU = Debug|Any CPU
		Release|Any CPU = Release|Any CPU
	EndGlobalSection
	GlobalSection(ProjectConfigurationPlatforms) = postSolution
		{5F706894-2430-466A-87E7-85AF6027741F}.Debug|Any CPU.ActiveCfg = Debug|Any CPU
		{5F706894-2430-466A-87E7-85AF6027741F}.Debug|Any CPU.Build.0 = Debug|Any CPU
		{5F706894-2430-466A-87E7-85AF6027741F}.Release|Any CPU.ActiveCfg = Release|Any CPU
		{5F706894-2430-466A-87E7-85AF6027741F}.Release|Any CPU.Build.0 = Release|Any CPU
		{2D222D84-CB96-4998-9CCE-115FCA672F3C}.Debug|Any CPU.ActiveCfg = Debug|Any CPU
		{2D222D84-CB96-4998-9CCE-115FCA672F3C}.Debug|Any CPU.Build.0 = Debug|Any CPU
		{2D222D84-CB96-4998-9CCE-115FCA672F3C}.Release|Any CPU.ActiveCfg = Release|Any CPU
		{2D222D84-CB96-4998-9CCE-115FCA672F3C}.Release|Any CPU.Build.0 = Release|Any CPU
		{BD917A33-8EED-4BD8-8653-831A9E2C56C6}.Debug|Any CPU.ActiveCfg = Debug|Any CPU
		{BD917A33-8EED-4BD8-8653-831A9E2C56C6}.Debug|Any CPU.Build.0 = Debug|Any CPU
		{BD917A33-8EED-4BD8-8653-831A9E2C56C6}.Release|Any CPU.ActiveCfg = Release|Any CPU
		{BD917A33-8EED-4BD8-8653-831A9E2C56C6}.Release|Any CPU.Build.0 = Release|Any CPU
		{AF6BDF55-3E26-4198-8195-F103B3A72EA3}.Debug|Any CPU.ActiveCfg = Debug|Any CPU
		{AF6BDF55-3E26-4198-8195-F103B3A72EA3}.Debug|Any CPU.Build.0 = Debug|Any CPU
		{AF6BDF55-3E26-4198-8195-F103B3A72EA3}.Release|Any CPU.ActiveCfg = Release|Any CPU
		{AF6BDF55-3E26-4198-8195-F103B3A72EA3}.Release|Any CPU.Build.0 = Release|Any CPU
		{8AE6431E-A938-4991-AFFF-AC3359E73855}.Debug|Any CPU.ActiveCfg = Debug|Any CPU
		{8AE6431E-A938-4991-AFFF-AC3359E73855}.Debug|Any CPU.Build.0 = Debug|Any CPU
		{8AE6431E-A938-4991-AFFF-AC3359E73855}.Release|Any CPU.ActiveCfg = Release|Any CPU
		{8AE6431E-A938-4991-AFFF-AC3359E73855}.Release|Any CPU.Build.0 = Release|Any CPU
	EndGlobalSection
	GlobalSection(SolutionProperties) = preSolution
		HideSolutionNode = FALSE
	EndGlobalSection
	GlobalSection(ExtensibilityGlobals) = postSolution
		SolutionGuid = {59EBA30F-59F8-4785-A9BF-C86F4057D344}
	EndGlobalSection
EndGlobal
